
Microsoft Visual Studio Solution File, Format Version 12.00
# Visual Studio 15
VisualStudioVersion = 15.0.27004.2005
MinimumVisualStudioVersion = 10.0.40219.1
Project("{FAE04EC0-301F-11D3-BF4B-00C04F79EFBC}") = "FishPi", "FishPi\FishPi.csproj", "{9234B38B-A484-4032-9DD3-00CE50FEA1A5}"
EndProject
Project("{CC5FD16D-436D-48AD-A40C-5A424C6E3E79}") = "FishPi.Azure", "FishPi.Azure\FishPi.Azure.ccproj", "{1DDD899D-E06B-4403-93DB-DB71D966E93B}"
EndProject
Global
	GlobalSection(SolutionConfigurationPlatforms) = preSolution
		Debug|Any CPU = Debug|Any CPU
		Release|Any CPU = Release|Any CPU
	EndGlobalSection
	GlobalSection(ProjectConfigurationPlatforms) = postSolution
		{9234B38B-A484-4032-9DD3-00CE50FEA1A5}.Debug|Any CPU.ActiveCfg = Debug|Any CPU
		{9234B38B-A484-4032-9DD3-00CE50FEA1A5}.Debug|Any CPU.Build.0 = Debug|Any CPU
		{9234B38B-A484-4032-9DD3-00CE50FEA1A5}.Release|Any CPU.ActiveCfg = Release|Any CPU
		{9234B38B-A484-4032-9DD3-00CE50FEA1A5}.Release|Any CPU.Build.0 = Release|Any CPU
		{1DDD899D-E06B-4403-93DB-DB71D966E93B}.Debug|Any CPU.ActiveCfg = Debug|Any CPU
		{1DDD899D-E06B-4403-93DB-DB71D966E93B}.Debug|Any CPU.Build.0 = Debug|Any CPU
		{1DDD899D-E06B-4403-93DB-DB71D966E93B}.Release|Any CPU.ActiveCfg = Release|Any CPU
		{1DDD899D-E06B-4403-93DB-DB71D966E93B}.Release|Any CPU.Build.0 = Release|Any CPU
	EndGlobalSection
	GlobalSection(SolutionProperties) = preSolution
		HideSolutionNode = FALSE
	EndGlobalSection
	GlobalSection(ExtensibilityGlobals) = postSolution
		SolutionGuid = {4130B07E-CFCB-4802-9B9F-4E58B8CE8DD1}
	EndGlobalSection
EndGlobal
